
Microsoft Visual Studio Solution File, Format Version 12.00
# Visual Studio Version 17
VisualStudioVersion = 17.2.32519.379
MinimumVisualStudioVersion = 10.0.40219.1
Project("{FAE04EC0-301F-11D3-BF4B-00C04F79EFBC}") = "CELearningLvl1", "CELearningLvl1\CELearningLvl1.csproj", "{2EDF0153-72CB-41FC-99CB-4CB5D66B6514}"
EndProject
Global
	GlobalSection(SolutionConfigurationPlatforms) = preSolution
		Debug|Any CPU = Debug|Any CPU
		Release|Any CPU = Release|Any CPU
	EndGlobalSection
	GlobalSection(ProjectConfigurationPlatforms) = postSolution
		{2EDF0153-72CB-41FC-99CB-4CB5D66B6514}.Debug|Any CPU.ActiveCfg = Debug|Any CPU
		{2EDF0153-72CB-41FC-99CB-4CB5D66B6514}.Debug|Any CPU.Build.0 = Debug|Any CPU
		{2EDF0153-72CB-41FC-99CB-4CB5D66B6514}.Release|Any CPU.ActiveCfg = Release|Any CPU
		{2EDF0153-72CB-41FC-99CB-4CB5D66B6514}.Release|Any CPU.Build.0 = Release|Any CPU
	EndGlobalSection
	GlobalSection(SolutionProperties) = preSolution
		HideSolutionNode = FALSE
	EndGlobalSection
	GlobalSection(ExtensibilityGlobals) = postSolution
		SolutionGuid = {BE1077A5-9E65-4605-925C-56B45A085AD4}
	EndGlobalSection
EndGlobal
